
Microsoft Visual Studio Solution File, Format Version 12.00
# Visual Studio Version 17
VisualStudioVersion = 17.5.002.0
MinimumVisualStudioVersion = 10.0.40219.1
Project("{9A19103F-16F7-4668-BE54-9A1E7A4F7556}") = "Mahalak", "Mahalak.csproj", "{73AAE411-4B1C-4E4F-A805-279CECC88DDA}"
EndProject
Global
	GlobalSection(SolutionConfigurationPlatforms) = preSolution
		Debug|Any CPU = Debug|Any CPU
		Release|Any CPU = Release|Any CPU
	EndGlobalSection
	GlobalSection(ProjectConfigurationPlatforms) = postSolution
		{73AAE411-4B1C-4E4F-A805-279CECC88DDA}.Debug|Any CPU.ActiveCfg = Debug|Any CPU
		{73AAE411-4B1C-4E4F-A805-279CECC88DDA}.Debug|Any CPU.Build.0 = Debug|Any CPU
		{73AAE411-4B1C-4E4F-A805-279CECC88DDA}.Release|Any CPU.ActiveCfg = Release|Any CPU
		{73AAE411-4B1C-4E4F-A805-279CECC88DDA}.Release|Any CPU.Build.0 = Release|Any CPU
	EndGlobalSection
	GlobalSection(SolutionProperties) = preSolution
		HideSolutionNode = FALSE
	EndGlobalSection
	GlobalSection(ExtensibilityGlobals) = postSolution
		SolutionGuid = {598790FD-C506-4589-960C-C12DF6847B87}
	EndGlobalSection
EndGlobal
